Microsoft Visual Studio Solution File, Format Version 12.00
# Visual Studio Express 2012 for Windows Desktop
Project("{8BC9CEB8-8B4A-11D0-8D11-00A0C91BC942}") = "char-server", "vcproj-11\char-server.vcxproj", "{D356871D-58E1-450B-967A-E4E9646175AF}"
EndProject
Project("{8BC9CEB8-8B4A-11D0-8D11-00A0C91BC942}") = "login-server", "vcproj-11\login-server.vcxproj", "{D356871D-58E1-450B-967A-E5E9646175AF}"
EndProject
Project("{8BC9CEB8-8B4A-11D0-8D11-00A0C91BC942}") = "map-server", "vcproj-11\map-server.vcxproj", "{D356871D-58E1-450B-967A-E6E9646175AF}"
EndProject
Project("{8BC9CEB8-8B4A-11D0-8D11-00A0C91BC942}") = "mapcache", "vcproj-11\mapcache.vcxproj", "{D356871D-58E1-450B-967A-E7E9646175AF}"
EndProject
Project("{8BC9CEB8-8B4A-11D0-8D11-00A0C91BC942}") = "plugin-sample", "vcproj-11\plugin-sample.vcxproj", "{E64C56D3-CDFB-483B-900B-A62D216B6D2F}"
EndProject
Project("{8BC9CEB8-8B4A-11D0-8D11-00A0C91BC942}") = "plugin-HPMHooking_map", "vcproj-11\plugin-HPMHooking_map.vcxproj", "{745D4A8C-6A68-4721-A43A-D81BF59860A1}"
EndProject
Project("{8BC9CEB8-8B4A-11D0-8D11-00A0C91BC942}") = "plugin-HPMHooking_char", "vcproj-11\plugin-HPMHooking_char.vcxproj", "{ACEB1E80-4EA2-4193-AA7C-624B6C5664BA}"
EndProject
Project("{8BC9CEB8-8B4A-11D0-8D11-00A0C91BC942}") = "plugin-HPMHooking_login", "vcproj-11\plugin-HPMHooking_login.vcxproj", "{93DB46CC-FC44-4E43-820A-63DC7318F413}"
EndProject
Global
	GlobalSection(SolutionConfigurationPlatforms) = preSolution
		Debug|Win32 = Debug|Win32
		Release|Win32 = Release|Win32
	EndGlobalSection
	GlobalSection(ProjectConfigurationPlatforms) = postSolution
		{D356871D-58E1-450B-967A-E4E9646175AF}.Debug|Win32.ActiveCfg = Debug|Win32
		{D356871D-58E1-450B-967A-E4E9646175AF}.Debug|Win32.Build.0 = Debug|Win32
		{D356871D-58E1-450B-967A-E4E9646175AF}.Release|Win32.ActiveCfg = Release|Win32
		{D356871D-58E1-450B-967A-E4E9646175AF}.Release|Win32.Build.0 = Release|Win32
		{D356871D-58E1-450B-967A-E5E9646175AF}.Debug|Win32.ActiveCfg = Debug|Win32
		{D356871D-58E1-450B-967A-E5E9646175AF}.Debug|Win32.Build.0 = Debug|Win32
		{D356871D-58E1-450B-967A-E5E9646175AF}.Release|Win32.ActiveCfg = Release|Win32
		{D356871D-58E1-450B-967A-E5E9646175AF}.Release|Win32.Build.0 = Release|Win32
		{D356871D-58E1-450B-967A-E6E9646175AF}.Debug|Win32.ActiveCfg = Debug|Win32
		{D356871D-58E1-450B-967A-E6E9646175AF}.Debug|Win32.Build.0 = Debug|Win32
		{D356871D-58E1-450B-967A-E6E9646175AF}.Release|Win32.ActiveCfg = Release|Win32
		{D356871D-58E1-450B-967A-E6E9646175AF}.Release|Win32.Build.0 = Release|Win32
		{D356871D-58E1-450B-967A-E7E9646175AF}.Debug|Win32.ActiveCfg = Debug|Win32
		{D356871D-58E1-450B-967A-E7E9646175AF}.Debug|Win32.Build.0 = Debug|Win32
		{D356871D-58E1-450B-967A-E7E9646175AF}.Release|Win32.ActiveCfg = Release|Win32
		{D356871D-58E1-450B-967A-E7E9646175AF}.Release|Win32.Build.0 = Release|Win32
		{E64C56D3-CDFB-483B-900B-A62D216B6D2F}.Debug|Win32.ActiveCfg = Debug|Win32
		{E64C56D3-CDFB-483B-900B-A62D216B6D2F}.Debug|Win32.Build.0 = Debug|Win32
		{E64C56D3-CDFB-483B-900B-A62D216B6D2F}.Release|Win32.ActiveCfg = Release|Win32
		{E64C56D3-CDFB-483B-900B-A62D216B6D2F}.Release|Win32.Build.0 = Release|Win32
		{745D4A8C-6A68-4721-A43A-D81BF59860A1}.Debug|Win32.ActiveCfg = Debug|Win32
		{745D4A8C-6A68-4721-A43A-D81BF59860A1}.Debug|Win32.Build.0 = Debug|Win32
		{745D4A8C-6A68-4721-A43A-D81BF59860A1}.Release|Win32.ActiveCfg = Release|Win32
		{745D4A8C-6A68-4721-A43A-D81BF59860A1}.Release|Win32.Build.0 = Release|Win32
		{ACEB1E80-4EA2-4193-AA7C-624B6C5664BA}.Debug|Win32.ActiveCfg = Debug|Win32
		{ACEB1E80-4EA2-4193-AA7C-624B6C5664BA}.Debug|Win32.Build.0 = Debug|Win32
		{ACEB1E80-4EA2-4193-AA7C-624B6C5664BA}.Release|Win32.ActiveCfg = Release|Win32
		{ACEB1E80-4EA2-4193-AA7C-624B6C5664BA}.Release|Win32.Build.0 = Release|Win32
		{93DB46CC-FC44-4E43-820A-63DC7318F413}.Debug|Win32.ActiveCfg = Debug|Win32
		{93DB46CC-FC44-4E43-820A-63DC7318F413}.Debug|Win32.Build.0 = Debug|Win32
		{93DB46CC-FC44-4E43-820A-63DC7318F413}.Release|Win32.ActiveCfg = Release|Win32
		{93DB46CC-FC44-4E43-820A-63DC7318F413}.Release|Win32.Build.0 = Release|Win32
	EndGlobalSection
	GlobalSection(SolutionProperties) = preSolution
		HideSolutionNode = FALSE
	EndGlobalSection
EndGlobal
